
Microsoft Visual Studio Solution File, Format Version 12.00
# Visual Studio Version 17
VisualStudioVersion = 17.1.32414.318
MinimumVisualStudioVersion = 10.0.40219.1
Project("{FAE04EC0-301F-11D3-BF4B-00C04F79EFBC}") = "MusicPlayerBlob", "MusicPlayerBlob\MusicPlayerBlob.csproj", "{C66C7FE5-9237-403A-BB30-5D2B98D1033F}"
EndProject
Global
	GlobalSection(SolutionConfigurationPlatforms) = preSolution
		Debug|Any CPU = Debug|Any CPU
		Release|Any CPU = Release|Any CPU
	EndGlobalSection
	GlobalSection(ProjectConfigurationPlatforms) = postSolution
		{C66C7FE5-9237-403A-BB30-5D2B98D1033F}.Debug|Any CPU.ActiveCfg = Debug|Any CPU
		{C66C7FE5-9237-403A-BB30-5D2B98D1033F}.Debug|Any CPU.Build.0 = Debug|Any CPU
		{C66C7FE5-9237-403A-BB30-5D2B98D1033F}.Release|Any CPU.ActiveCfg = Release|Any CPU
		{C66C7FE5-9237-403A-BB30-5D2B98D1033F}.Release|Any CPU.Build.0 = Release|Any CPU
	EndGlobalSection
	GlobalSection(SolutionProperties) = preSolution
		HideSolutionNode = FALSE
	EndGlobalSection
	GlobalSection(ExtensibilityGlobals) = postSolution
		SolutionGuid = {23314760-08BD-4E79-9F60-6E625658C2D9}
	EndGlobalSection
EndGlobal
